
Microsoft Visual Studio Solution File, Format Version 12.00
# Visual Studio Version 17
VisualStudioVersion = 17.14.36429.23 d17.14
MinimumVisualStudioVersion = 10.0.40219.1
Project("{8BC9CEB8-8B4A-11D0-8D11-00A0C91BC942}") = "sort", "sort\sort.vcxproj", "{BD55D1CB-A718-42C4-A804-FE9DD3E1AB11}"
EndProject
Global
	GlobalSection(SolutionConfigurationPlatforms) = preSolution
		Debug|x64 = Debug|x64
		Debug|x86 = Debug|x86
		Release|x64 = Release|x64
		Release|x86 = Release|x86
	EndGlobalSection
	GlobalSection(ProjectConfigurationPlatforms) = postSolution
		{BD55D1CB-A718-42C4-A804-FE9DD3E1AB11}.Debug|x64.ActiveCfg = Debug|x64
		{BD55D1CB-A718-42C4-A804-FE9DD3E1AB11}.Debug|x64.Build.0 = Debug|x64
		{BD55D1CB-A718-42C4-A804-FE9DD3E1AB11}.Debug|x86.ActiveCfg = Debug|Win32
		{BD55D1CB-A718-42C4-A804-FE9DD3E1AB11}.Debug|x86.Build.0 = Debug|Win32
		{BD55D1CB-A718-42C4-A804-FE9DD3E1AB11}.Release|x64.ActiveCfg = Release|x64
		{BD55D1CB-A718-42C4-A804-FE9DD3E1AB11}.Release|x64.Build.0 = Release|x64
		{BD55D1CB-A718-42C4-A804-FE9DD3E1AB11}.Release|x86.ActiveCfg = Release|Win32
		{BD55D1CB-A718-42C4-A804-FE9DD3E1AB11}.Release|x86.Build.0 = Release|Win32
	EndGlobalSection
	GlobalSection(SolutionProperties) = preSolution
		HideSolutionNode = FALSE
	EndGlobalSection
	GlobalSection(ExtensibilityGlobals) = postSolution
		SolutionGuid = {2F20FBFB-1A32-436C-AC7E-1D67EA444898}
	EndGlobalSection
EndGlobal
